
Microsoft Visual Studio Solution File, Format Version 12.00
# Visual Studio Version 16
VisualStudioVersion = 16.0.30907.101
MinimumVisualStudioVersion = 10.0.40219.1
Project("{FAE04EC0-301F-11D3-BF4B-00C04F79EFBC}") = "CasoEstudioATM", "CasoEstudioATM\CasoEstudioATM.csproj", "{456B9FE2-12CC-4546-A385-358749667897}"
EndProject
Global
	GlobalSection(SolutionConfigurationPlatforms) = preSolution
		Debug|Any CPU = Debug|Any CPU
		Release|Any CPU = Release|Any CPU
	EndGlobalSection
	GlobalSection(ProjectConfigurationPlatforms) = postSolution
		{456B9FE2-12CC-4546-A385-358749667897}.Debug|Any CPU.ActiveCfg = Debug|Any CPU
		{456B9FE2-12CC-4546-A385-358749667897}.Debug|Any CPU.Build.0 = Debug|Any CPU
		{456B9FE2-12CC-4546-A385-358749667897}.Release|Any CPU.ActiveCfg = Release|Any CPU
		{456B9FE2-12CC-4546-A385-358749667897}.Release|Any CPU.Build.0 = Release|Any CPU
	EndGlobalSection
	GlobalSection(SolutionProperties) = preSolution
		HideSolutionNode = FALSE
	EndGlobalSection
	GlobalSection(ExtensibilityGlobals) = postSolution
		SolutionGuid = {E3749A69-EE7E-4702-82B6-D12E80E610A4}
	EndGlobalSection
EndGlobal
